
Microsoft Visual Studio Solution File, Format Version 12.00
# Visual Studio Version 16
VisualStudioVersion = 16.0.29911.84
MinimumVisualStudioVersion = 10.0.40219.1
Project("{9A19103F-16F7-4668-BE54-9A1E7A4F7556}") = "CovidSafe.API", "CovidSafe.API\CovidSafe.API.csproj", "{41649BC0-BBC9-4A47-872B-9E0DDC7678E5}"
EndProject
Project("{9A19103F-16F7-4668-BE54-9A1E7A4F7556}") = "CovidSafe.Entities", "CovidSafe.Entities\CovidSafe.Entities.csproj", "{1142E516-7A78-413C-A98F-4A8DC22CE974}"
EndProject
Project("{9A19103F-16F7-4668-BE54-9A1E7A4F7556}") = "CovidSafe.DAL", "CovidSafe.DAL\CovidSafe.DAL.csproj", "{AB7BA3D0-9A41-4D7C-AAAA-66B8BE10C2ED}"
EndProject
Project("{9A19103F-16F7-4668-BE54-9A1E7A4F7556}") = "CovidSafe.DAL.Tests", "CovidSafe.DAL.Tests\CovidSafe.DAL.Tests.csproj", "{CF8D6EDC-E318-4B47-AA82-F0994AA0718A}"
EndProject
Project("{2150E333-8FDC-42A3-9474-1A3956D46DE8}") = "Solution Items", "Solution Items", "{5323748A-8DB7-446E-947B-71D92A0F752E}"
	ProjectSection(SolutionItems) = preProject
		.runsettings = .runsettings
		Local.testsettings = Local.testsettings
		..\README.md = ..\README.md
	EndProjectSection
EndProject
Project("{9A19103F-16F7-4668-BE54-9A1E7A4F7556}") = "CovidSafe.API.Tests", "CovidSafe.API.Tests\CovidSafe.API.Tests.csproj", "{9A54251B-AE28-4EF2-8694-57DEBCFC9028}"
EndProject
Project("{FAE04EC0-301F-11D3-BF4B-00C04F79EFBC}") = "CovidSafe.API.WebPerformanceAndLoadTests", "CovidSafe.API.WebPerformanceAndLoadTests\CovidSafe.API.WebPerformanceAndLoadTests.csproj", "{B5F256B9-C0DC-4BA6-9C60-7BCF8E13F15A}"
EndProject
Global
	GlobalSection(SolutionConfigurationPlatforms) = preSolution
		Debug|Any CPU = Debug|Any CPU
		Release|Any CPU = Release|Any CPU
	EndGlobalSection
	GlobalSection(ProjectConfigurationPlatforms) = postSolution
		{41649BC0-BBC9-4A47-872B-9E0DDC7678E5}.Debug|Any CPU.ActiveCfg = Debug|Any CPU
		{41649BC0-BBC9-4A47-872B-9E0DDC7678E5}.Debug|Any CPU.Build.0 = Debug|Any CPU
		{41649BC0-BBC9-4A47-872B-9E0DDC7678E5}.Release|Any CPU.ActiveCfg = Release|Any CPU
		{41649BC0-BBC9-4A47-872B-9E0DDC7678E5}.Release|Any CPU.Build.0 = Release|Any CPU
		{1142E516-7A78-413C-A98F-4A8DC22CE974}.Debug|Any CPU.ActiveCfg = Debug|Any CPU
		{1142E516-7A78-413C-A98F-4A8DC22CE974}.Debug|Any CPU.Build.0 = Debug|Any CPU
		{1142E516-7A78-413C-A98F-4A8DC22CE974}.Release|Any CPU.ActiveCfg = Release|Any CPU
		{1142E516-7A78-413C-A98F-4A8DC22CE974}.Release|Any CPU.Build.0 = Release|Any CPU
		{AB7BA3D0-9A41-4D7C-AAAA-66B8BE10C2ED}.Debug|Any CPU.ActiveCfg = Debug|Any CPU
		{AB7BA3D0-9A41-4D7C-AAAA-66B8BE10C2ED}.Debug|Any CPU.Build.0 = Debug|Any CPU
		{AB7BA3D0-9A41-4D7C-AAAA-66B8BE10C2ED}.Release|Any CPU.ActiveCfg = Release|Any CPU
		{AB7BA3D0-9A41-4D7C-AAAA-66B8BE10C2ED}.Release|Any CPU.Build.0 = Release|Any CPU
		{CF8D6EDC-E318-4B47-AA82-F0994AA0718A}.Debug|Any CPU.ActiveCfg = Debug|Any CPU
		{CF8D6EDC-E318-4B47-AA82-F0994AA0718A}.Debug|Any CPU.Build.0 = Debug|Any CPU
		{CF8D6EDC-E318-4B47-AA82-F0994AA0718A}.Release|Any CPU.ActiveCfg = Release|Any CPU
		{CF8D6EDC-E318-4B47-AA82-F0994AA0718A}.Release|Any CPU.Build.0 = Release|Any CPU
		{9A54251B-AE28-4EF2-8694-57DEBCFC9028}.Debug|Any CPU.ActiveCfg = Debug|Any CPU
		{9A54251B-AE28-4EF2-8694-57DEBCFC9028}.Debug|Any CPU.Build.0 = Debug|Any CPU
		{9A54251B-AE28-4EF2-8694-57DEBCFC9028}.Release|Any CPU.ActiveCfg = Release|Any CPU
		{9A54251B-AE28-4EF2-8694-57DEBCFC9028}.Release|Any CPU.Build.0 = Release|Any CPU
		{B5F256B9-C0DC-4BA6-9C60-7BCF8E13F15A}.Debug|Any CPU.ActiveCfg = Debug|Any CPU
		{B5F256B9-C0DC-4BA6-9C60-7BCF8E13F15A}.Debug|Any CPU.Build.0 = Debug|Any CPU
		{B5F256B9-C0DC-4BA6-9C60-7BCF8E13F15A}.Release|Any CPU.ActiveCfg = Release|Any CPU
		{B5F256B9-C0DC-4BA6-9C60-7BCF8E13F15A}.Release|Any CPU.Build.0 = Release|Any CPU
	EndGlobalSection
	GlobalSection(SolutionProperties) = preSolution
		HideSolutionNode = FALSE
	EndGlobalSection
	GlobalSection(ExtensibilityGlobals) = postSolution
		SolutionGuid = {C7AD4C91-E2D7-4192-B2C5-25E1A04FB7FD}
	EndGlobalSection
EndGlobal
